
Microsoft Visual Studio Solution File, Format Version 12.00
Project("{FAE04EC0-301F-11D3-BF4B-00C04F79EFBC}") = "Lab6_1", "Lab6_1\Lab6_1.csproj", "{72B84441-EE89-4762-B819-B139DE775178}"
EndProject
Project("{FAE04EC0-301F-11D3-BF4B-00C04F79EFBC}") = "Lab6_2", "Lab6_2\Lab6_2.csproj", "{F2F03366-ABE1-4181-AB25-815B4B6DE28A}"
EndProject
Global
	GlobalSection(SolutionConfigurationPlatforms) = preSolution
		Debug|Any CPU = Debug|Any CPU
		Release|Any CPU = Release|Any CPU
	EndGlobalSection
	GlobalSection(ProjectConfigurationPlatforms) = postSolution
		{72B84441-EE89-4762-B819-B139DE775178}.Debug|Any CPU.ActiveCfg = Debug|Any CPU
		{72B84441-EE89-4762-B819-B139DE775178}.Debug|Any CPU.Build.0 = Debug|Any CPU
		{72B84441-EE89-4762-B819-B139DE775178}.Release|Any CPU.ActiveCfg = Release|Any CPU
		{72B84441-EE89-4762-B819-B139DE775178}.Release|Any CPU.Build.0 = Release|Any CPU
		{F2F03366-ABE1-4181-AB25-815B4B6DE28A}.Debug|Any CPU.ActiveCfg = Debug|Any CPU
		{F2F03366-ABE1-4181-AB25-815B4B6DE28A}.Debug|Any CPU.Build.0 = Debug|Any CPU
		{F2F03366-ABE1-4181-AB25-815B4B6DE28A}.Release|Any CPU.ActiveCfg = Release|Any CPU
		{F2F03366-ABE1-4181-AB25-815B4B6DE28A}.Release|Any CPU.Build.0 = Release|Any CPU
	EndGlobalSection
EndGlobal
